
Microsoft Visual Studio Solution File, Format Version 12.00
# Visual Studio Version 17
VisualStudioVersion = 17.10.35027.167
MinimumVisualStudioVersion = 10.0.40219.1
Project("{FAE04EC0-301F-11D3-BF4B-00C04F79EFBC}") = "RevueCraftersTests", "RevueCraftersTests.csproj", "{7BC878C4-7264-4234-B580-70F3BC0BEB85}"
EndProject
Global
	GlobalSection(SolutionConfigurationPlatforms) = preSolution
		Debug|Any CPU = Debug|Any CPU
		Release|Any CPU = Release|Any CPU
	EndGlobalSection
	GlobalSection(ProjectConfigurationPlatforms) = postSolution
		{7BC878C4-7264-4234-B580-70F3BC0BEB85}.Debug|Any CPU.ActiveCfg = Debug|Any CPU
		{7BC878C4-7264-4234-B580-70F3BC0BEB85}.Debug|Any CPU.Build.0 = Debug|Any CPU
		{7BC878C4-7264-4234-B580-70F3BC0BEB85}.Release|Any CPU.ActiveCfg = Release|Any CPU
		{7BC878C4-7264-4234-B580-70F3BC0BEB85}.Release|Any CPU.Build.0 = Release|Any CPU
	EndGlobalSection
	GlobalSection(SolutionProperties) = preSolution
		HideSolutionNode = FALSE
	EndGlobalSection
	GlobalSection(ExtensibilityGlobals) = postSolution
		SolutionGuid = {C4F6F2F2-3DCA-403A-BE39-CBEA9209611D}
	EndGlobalSection
EndGlobal
