
Microsoft Visual Studio Solution File, Format Version 12.00
# Visual Studio Version 17
VisualStudioVersion = 17.10.35027.167
MinimumVisualStudioVersion = 10.0.40219.1
Project("{FAE04EC0-301F-11D3-BF4B-00C04F79EFBC}") = "AppiumTestsExercise1", "AppiumTestsExercise1\AppiumTestsExercise1.csproj", "{68E26A8E-1B7D-4609-B77A-D10A95BCFC21}"
EndProject
Global
	GlobalSection(SolutionConfigurationPlatforms) = preSolution
		Debug|Any CPU = Debug|Any CPU
		Release|Any CPU = Release|Any CPU
	EndGlobalSection
	GlobalSection(ProjectConfigurationPlatforms) = postSolution
		{68E26A8E-1B7D-4609-B77A-D10A95BCFC21}.Debug|Any CPU.ActiveCfg = Debug|Any CPU
		{68E26A8E-1B7D-4609-B77A-D10A95BCFC21}.Debug|Any CPU.Build.0 = Debug|Any CPU
		{68E26A8E-1B7D-4609-B77A-D10A95BCFC21}.Release|Any CPU.ActiveCfg = Release|Any CPU
		{68E26A8E-1B7D-4609-B77A-D10A95BCFC21}.Release|Any CPU.Build.0 = Release|Any CPU
	EndGlobalSection
	GlobalSection(SolutionProperties) = preSolution
		HideSolutionNode = FALSE
	EndGlobalSection
	GlobalSection(ExtensibilityGlobals) = postSolution
		SolutionGuid = {C468B181-0012-4D59-8F5C-0B1204966153}
	EndGlobalSection
EndGlobal
