
Microsoft Visual Studio Solution File, Format Version 12.00
# Visual Studio Version 17
VisualStudioVersion = 17.10.35013.160
MinimumVisualStudioVersion = 10.0.40219.1
Project("{FAE04EC0-301F-11D3-BF4B-00C04F79EFBC}") = "RevueCraftersTests", "RevueCraftersTests\RevueCraftersTests.csproj", "{535C6D26-20B4-47A7-8312-D607E986FE97}"
EndProject
Global
	GlobalSection(SolutionConfigurationPlatforms) = preSolution
		Debug|Any CPU = Debug|Any CPU
		Release|Any CPU = Release|Any CPU
	EndGlobalSection
	GlobalSection(ProjectConfigurationPlatforms) = postSolution
		{535C6D26-20B4-47A7-8312-D607E986FE97}.Debug|Any CPU.ActiveCfg = Debug|Any CPU
		{535C6D26-20B4-47A7-8312-D607E986FE97}.Debug|Any CPU.Build.0 = Debug|Any CPU
		{535C6D26-20B4-47A7-8312-D607E986FE97}.Release|Any CPU.ActiveCfg = Release|Any CPU
		{535C6D26-20B4-47A7-8312-D607E986FE97}.Release|Any CPU.Build.0 = Release|Any CPU
	EndGlobalSection
	GlobalSection(SolutionProperties) = preSolution
		HideSolutionNode = FALSE
	EndGlobalSection
	GlobalSection(ExtensibilityGlobals) = postSolution
		SolutionGuid = {69FF8F5D-87D3-42FB-A2BF-952386F94B4C}
	EndGlobalSection
EndGlobal
